// !$*UTF8*$!
{
	archiveVersion = 1;
	classes = {
	};
	objectVersion = 77;
	objects = {

/* Begin PBXBuildFile section */
		5A1123062DA014B00007A210 /* README.md in Resources */ = {isa = PBXBuildFile; fileRef = 5A1123052DA014AA0007A210 /* README.md */; };
/* End PBXBuildFile section */

/* Begin PBXContainerItemProxy section */
		5A6210532D82009A00444FD3 /* PBXContainerItemProxy */ = {
			isa = PBXContainerItemProxy;
			containerPortal = 5A62103A2D82009800444FD3 /* Project object */;
			proxyType = 1;
			remoteGlobalIDString = 5A6210412D82009800444FD3;
			remoteInfo = SwiftUIRepository;
		};
		5A62105D2D82009A00444FD3 /* PBXContainerItemProxy */ = {
			isa = PBXContainerItemProxy;
			containerPortal = 5A62103A2D82009800444FD3 /* Project object */;
			proxyType = 1;
			remoteGlobalIDString = 5A6210412D82009800444FD3;
			remoteInfo = SwiftUIRepository;
		};
/* End PBXContainerItemProxy section */

/* Begin PBXFileReference section */
		5A1123052DA014AA0007A210 /* README.md */ = {isa = PBXFileReference; lastKnownFileType = net.daringfireball.markdown; path = README.md; sourceTree = "<group>"; };
		5A6210422D82009800444FD3 /* SwiftUIRepository.app */ = {isa = PBXFileReference; explicitFileType = wrapper.application; includeInIndex = 0; path = SwiftUIRepository.app; sourceTree = BUILT_PRODUCTS_DIR; };
		5A6210522D82009A00444FD3 /* SwiftUIRepositoryTests.xctest */ = {isa = PBXFileReference; explicitFileType = wrapper.cfbundle; includeInIndex = 0; path = SwiftUIRepositoryTests.xctest; sourceTree = BUILT_PRODUCTS_DIR; };
		5A62105C2D82009A00444FD3 /* SwiftUIRepositoryUITests.xctest */ = {isa = PBXFileReference; explicitFileType = wrapper.cfbundle; includeInIndex = 0; path = SwiftUIRepositoryUITests.xctest; sourceTree = BUILT_PRODUCTS_DIR; };
/* End PBXFileReference section */

/* Begin PBXFileSystemSynchronizedRootGroup section */
		5A6210442D82009800444FD3 /* SwiftUIRepository */ = {
			isa = PBXFileSystemSynchronizedRootGroup;
			path = SwiftUIRepository;
			sourceTree = "<group>";
		};
		5A6210552D82009A00444FD3 /* SwiftUIRepositoryTests */ = {
			isa = PBXFileSystemSynchronizedRootGroup;
			path = SwiftUIRepositoryTests;
			sourceTree = "<group>";
		};
		5A62105F2D82009A00444FD3 /* SwiftUIRepositoryUITests */ = {
			isa = PBXFileSystemSynchronizedRootGroup;
			path = SwiftUIRepositoryUITests;
			sourceTree = "<group>";
		};
/* End PBXFileSystemSynchronizedRootGroup section */

/* Begin PBXFrameworksBuildPhase section */
		5A62103F2D82009800444FD3 /* Frameworks */ = {
			isa = PBXFrameworksBuildPhase;
			buildActionMask = 2147483647;
			files = (
			);
			runOnlyForDeploymentPostprocessing = 0;
		};
		5A62104F2D82009A00444FD3 /* Frameworks */ = {
			isa = PBXFrameworksBuildPhase;
			buildActionMask = 2147483647;
			files = (
			);
			runOnlyForDeploymentPostprocessing = 0;
		};
		5A6210592D82009A00444FD3 /* Frameworks */ = {
			isa = PBXFrameworksBuildPhase;
			buildActionMask = 2147483647;
			files = (
			);
			runOnlyForDeploymentPostprocessing = 0;
		};
/* End PBXFrameworksBuildPhase section */

/* Begin PBXGroup section */
		5A6210392D82009800444FD3 = {
			isa = PBXGroup;
			children = (
				5A1123052DA014AA0007A210 /* README.md */,
				5A6210442D82009800444FD3 /* SwiftUIRepository */,
				5A6210552D82009A00444FD3 /* SwiftUIRepositoryTests */,
				5A62105F2D82009A00444FD3 /* SwiftUIRepositoryUITests */,
				5A6210432D82009800444FD3 /* Products */,
			);
			sourceTree = "<group>";
		};
		5A6210432D82009800444FD3 /* Products */ = {
			isa = PBXGroup;
			children = (
				5A6210422D82009800444FD3 /* SwiftUIRepository.app */,
				5A6210522D82009A00444FD3 /* SwiftUIRepositoryTests.xctest */,
				5A62105C2D82009A00444FD3 /* SwiftUIRepositoryUITests.xctest */,
			);
			name = Products;
			sourceTree = "<group>";
		};
/* End PBXGroup section */

/* Begin PBXNativeTarget section */
		5A6210412D82009800444FD3 /* SwiftUIRepository */ = {
			isa = PBXNativeTarget;
			buildConfigurationList = 5A6210662D82009A00444FD3 /* Build configuration list for PBXNativeTarget "SwiftUIRepository" */;
			buildPhases = (
				5A62103E2D82009800444FD3 /* Sources */,
				5A62103F2D82009800444FD3 /* Frameworks */,
				5A6210402D82009800444FD3 /* Resources */,
			);
			buildRules = (
			);
			dependencies = (
			);
			fileSystemSynchronizedGroups = (
				5A6210442D82009800444FD3 /* SwiftUIRepository */,
			);
			name = SwiftUIRepository;
			packageProductDependencies = (
			);
			productName = SwiftUIRepository;
			productReference = 5A6210422D82009800444FD3 /* SwiftUIRepository.app */;
			productType = "com.apple.product-type.application";
		};
		5A6210512D82009A00444FD3 /* SwiftUIRepositoryTests */ = {
			isa = PBXNativeTarget;
			buildConfigurationList = 5A6210692D82009A00444FD3 /* Build configuration list for PBXNativeTarget "SwiftUIRepositoryTests" */;
			buildPhases = (
				5A62104E2D82009A00444FD3 /* Sources */,
				5A62104F2D82009A00444FD3 /* Frameworks */,
				5A6210502D82009A00444FD3 /* Resources */,
			);
			buildRules = (
			);
			dependencies = (
				5A6210542D82009A00444FD3 /* PBXTargetDependency */,
			);
			fileSystemSynchronizedGroups = (
				5A6210552D82009A00444FD3 /* SwiftUIRepositoryTests */,
			);
			name = SwiftUIRepositoryTests;
			packageProductDependencies = (
			);
			productName = SwiftUIRepositoryTests;
			productReference = 5A6210522D82009A00444FD3 /* SwiftUIRepositoryTests.xctest */;
			productType = "com.apple.product-type.bundle.unit-test";
		};
		5A62105B2D82009A00444FD3 /* SwiftUIRepositoryUITests */ = {
			isa = PBXNativeTarget;
			buildConfigurationList = 5A62106C2D82009A00444FD3 /* Build configuration list for PBXNativeTarget "SwiftUIRepositoryUITests" */;
			buildPhases = (
				5A6210582D82009A00444FD3 /* Sources */,
				5A6210592D82009A00444FD3 /* Frameworks */,
				5A62105A2D82009A00444FD3 /* Resources */,
			);
			buildRules = (
			);
			dependencies = (
				5A62105E2D82009A00444FD3 /* PBXTargetDependency */,
			);
			fileSystemSynchronizedGroups = (
				5A62105F2D82009A00444FD3 /* SwiftUIRepositoryUITests */,
			);
			name = SwiftUIRepositoryUITests;
			packageProductDependencies = (
			);
			productName = SwiftUIRepositoryUITests;
			productReference = 5A62105C2D82009A00444FD3 /* SwiftUIRepositoryUITests.xctest */;
			productType = "com.apple.product-type.bundle.ui-testing";
		};
/* End PBXNativeTarget section */

/* Begin PBXProject section */
		5A62103A2D82009800444FD3 /* Project object */ = {
			isa = PBXProject;
			attributes = {
				BuildIndependentTargetsInParallel = 1;
				LastSwiftUpdateCheck = 1620;
				LastUpgradeCheck = 1620;
				TargetAttributes = {
					5A6210412D82009800444FD3 = {
						CreatedOnToolsVersion = 16.2;
					};
					5A6210512D82009A00444FD3 = {
						CreatedOnToolsVersion = 16.2;
						TestTargetID = 5A6210412D82009800444FD3;
					};
					5A62105B2D82009A00444FD3 = {
						CreatedOnToolsVersion = 16.2;
						TestTargetID = 5A6210412D82009800444FD3;
					};
				};
			};
			buildConfigurationList = 5A62103D2D82009800444FD3 /* Build configuration list for PBXProject "SwiftUIRepository" */;
			developmentRegion = en;
			hasScannedForEncodings = 0;
			knownRegions = (
				en,
				Base,
			);
			mainGroup = 5A6210392D82009800444FD3;
			minimizedProjectReferenceProxies = 1;
			preferredProjectObjectVersion = 77;
			productRefGroup = 5A6210432D82009800444FD3 /* Products */;
			projectDirPath = "";
			projectRoot = "";
			targets = (
				5A6210412D82009800444FD3 /* SwiftUIRepository */,
				5A6210512D82009A00444FD3 /* SwiftUIRepositoryTests */,
				5A62105B2D82009A00444FD3 /* SwiftUIRepositoryUITests */,
			);
		};
/* End PBXProject section */

/* Begin PBXResourcesBuildPhase section */
		5A6210402D82009800444FD3 /* Resources */ = {
			isa = PBXResourcesBuildPhase;
			buildActionMask = 2147483647;
			files = (
				5A1123062DA014B00007A210 /* README.md in Resources */,
			);
			runOnlyForDeploymentPostprocessing = 0;
		};
		5A6210502D82009A00444FD3 /* Resources */ = {
			isa = PBXResourcesBuildPhase;
			buildActionMask = 2147483647;
			files = (
			);
			runOnlyForDeploymentPostprocessing = 0;
		};
		5A62105A2D82009A00444FD3 /* Resources */ = {
			isa = PBXResourcesBuildPhase;
			buildActionMask = 2147483647;
			files = (
			);
			runOnlyForDeploymentPostprocessing = 0;
		};
/* End PBXResourcesBuildPhase section */

/* Begin PBXSourcesBuildPhase section */
		5A62103E2D82009800444FD3 /* Sources */ = {
			isa = PBXSourcesBuildPhase;
			buildActionMask = 2147483647;
			files = (
			);
			runOnlyForDeploymentPostprocessing = 0;
		};
		5A62104E2D82009A00444FD3 /* Sources */ = {
			isa = PBXSourcesBuildPhase;
			buildActionMask = 2147483647;
			files = (
			);
			runOnlyForDeploymentPostprocessing = 0;
		};
		5A6210582D82009A00444FD3 /* Sources */ = {
			isa = PBXSourcesBuildPhase;
			buildActionMask = 2147483647;
			files = (
			);
			runOnlyForDeploymentPostprocessing = 0;
		};
/* End PBXSourcesBuildPhase section */

/* Begin PBXTargetDependency section */
		5A6210542D82009A00444FD3 /* PBXTargetDependency */ = {
			isa = PBXTargetDependency;
			target = 5A6210412D82009800444FD3 /* SwiftUIRepository */;
			targetProxy = 5A6210532D82009A00444FD3 /* PBXContainerItemProxy */;
		};
		5A62105E2D82009A00444FD3 /* PBXTargetDependency */ = {
			isa = PBXTargetDependency;
			target = 5A6210412D82009800444FD3 /* SwiftUIRepository */;
			targetProxy = 5A62105D2D82009A00444FD3 /* PBXContainerItemProxy */;
		};
/* End PBXTargetDependency section */

/* Begin XCBuildConfiguration section */
		5A6210642D82009A00444FD3 /* Debug */ = {
			isa = XCBuildConfiguration;
			buildSettings = {
				ALWAYS_SEARCH_USER_PATHS = NO;
				ASSETCATALOG_COMPILER_GENERATE_SWIFT_ASSET_SYMBOL_EXTENSIONS = YES;
				CLANG_ANALYZER_NONNULL = YES;
				CLANG_ANALYZER_NUMBER_OBJECT_CONVERSION = YES_AGGRESSIVE;
				CLANG_CXX_LANGUAGE_STANDARD = "gnu++20";
				CLANG_ENABLE_MODULES = YES;
				CLANG_ENABLE_OBJC_ARC = YES;
				CLANG_ENABLE_OBJC_WEAK = YES;
				CLANG_WARN_BLOCK_CAPTURE_AUTORELEASING = YES;
				CLANG_WARN_BOOL_CONVERSION = YES;
				CLANG_WARN_COMMA = YES;
				CLANG_WARN_CONSTANT_CONVERSION = YES;
				CLANG_WARN_DEPRECATED_OBJC_IMPLEMENTATIONS = YES;
				CLANG_WARN_DIRECT_OBJC_ISA_USAGE = YES_ERROR;
				CLANG_WARN_DOCUMENTATION_COMMENTS = YES;
				CLANG_WARN_EMPTY_BODY = YES;
				CLANG_WARN_ENUM_CONVERSION = YES;
				CLANG_WARN_INFINITE_RECURSION = YES;
				CLANG_WARN_INT_CONVERSION = YES;
				CLANG_WARN_NON_LITERAL_NULL_CONVERSION = YES;
				CLANG_WARN_OBJC_IMPLICIT_RETAIN_SELF = YES;
				CLANG_WARN_OBJC_LITERAL_CONVERSION = YES;
				CLANG_WARN_OBJC_ROOT_CLASS = YES_ERROR;
				CLANG_WARN_QUOTED_INCLUDE_IN_FRAMEWORK_HEADER = YES;
				CLANG_WARN_RANGE_LOOP_ANALYSIS = YES;
				CLANG_WARN_STRICT_PROTOTYPES = YES;
				CLANG_WARN_SUSPICIOUS_MOVE = YES;
				CLANG_WARN_UNGUARDED_AVAILABILITY = YES_AGGRESSIVE;
				CLANG_WARN_UNREACHABLE_CODE = YES;
				CLANG_WARN__DUPLICATE_METHOD_MATCH = YES;
				COPY_PHASE_STRIP = NO;
				DEBUG_INFORMATION_FORMAT = dwarf;
				ENABLE_STRICT_OBJC_MSGSEND = YES;
				ENABLE_TESTABILITY = YES;
				ENABLE_USER_SCRIPT_SANDBOXING = YES;
				GCC_C_LANGUAGE_STANDARD = gnu17;
				GCC_DYNAMIC_NO_PIC = NO;
				GCC_NO_COMMON_BLOCKS = YES;
				GCC_OPTIMIZATION_LEVEL = 0;
				GCC_PREPROCESSOR_DEFINITIONS = (
					"DEBUG=1",
					"$(inherited)",
				);
				GCC_WARN_64_TO_32_BIT_CONVERSION = YES;
				GCC_WARN_ABOUT_RETURN_TYPE = YES_ERROR;
				GCC_WARN_UNDECLARED_SELECTOR = YES;
				GCC_WARN_UNINITIALIZED_AUTOS = YES_AGGRESSIVE;
				GCC_WARN_UNUSED_FUNCTION = YES;
				GCC_WARN_UNUSED_VARIABLE = YES;
				IPHONEOS_DEPLOYMENT_TARGET = 18.2;
				LOCALIZATION_PREFERS_STRING_CATALOGS = YES;
				MTL_ENABLE_DEBUG_INFO = INCLUDE_SOURCE;
				MTL_FAST_MATH = YES;
				ONLY_ACTIVE_ARCH = YES;
				SDKROOT = iphoneos;
				SWIFT_ACTIVE_COMPILATION_CONDITIONS = "DEBUG $(inherited)";
				SWIFT_OPTIMIZATION_LEVEL = "-Onone";
			};
			name = Debug;
		};
		5A6210652D82009A00444FD3 /* Release */ = {
			isa = XCBuildConfiguration;
			buildSettings = {
				ALWAYS_SEARCH_USER_PATHS = NO;
				ASSETCATALOG_COMPILER_GENERATE_SWIFT_ASSET_SYMBOL_EXTENSIONS = YES;
				CLANG_ANALYZER_NONNULL = YES;
				CLANG_ANALYZER_NUMBER_OBJECT_CONVERSION = YES_AGGRESSIVE;
				CLANG_CXX_LANGUAGE_STANDARD = "gnu++20";
				CLANG_ENABLE_MODULES = YES;
				CLANG_ENABLE_OBJC_ARC = YES;
				CLANG_ENABLE_OBJC_WEAK = YES;
				CLANG_WARN_BLOCK_CAPTURE_AUTORELEASING = YES;
				CLANG_WARN_BOOL_CONVERSION = YES;
				CLANG_WARN_COMMA = YES;
				CLANG_WARN_CONSTANT_CONVERSION = YES;
				CLANG_WARN_DEPRECATED_OBJC_IMPLEMENTATIONS = YES;
				CLANG_WARN_DIRECT_OBJC_ISA_USAGE = YES_ERROR;
				CLANG_WARN_DOCUMENTATION_COMMENTS = YES;
				CLANG_WARN_EMPTY_BODY = YES;
				CLANG_WARN_ENUM_CONVERSION = YES;
				CLANG_WARN_INFINITE_RECURSION = YES;
				CLANG_WARN_INT_CONVERSION = YES;
				CLANG_WARN_NON_LITERAL_NULL_CONVERSION = YES;
				CLANG_WARN_OBJC_IMPLICIT_RETAIN_SELF = YES;
				CLANG_WARN_OBJC_LITERAL_CONVERSION = YES;
				CLANG_WARN_OBJC_ROOT_CLASS = YES_ERROR;
				CLANG_WARN_QUOTED_INCLUDE_IN_FRAMEWORK_HEADER = YES;
				CLANG_WARN_RANGE_LOOP_ANALYSIS = YES;
				CLANG_WARN_STRICT_PROTOTYPES = YES;
				CLANG_WARN_SUSPICIOUS_MOVE = YES;
				CLANG_WARN_UNGUARDED_AVAILABILITY = YES_AGGRESSIVE;
				CLANG_WARN_UNREACHABLE_CODE = YES;
				CLANG_WARN__DUPLICATE_METHOD_MATCH = YES;
				COPY_PHASE_STRIP = NO;
				DEBUG_INFORMATION_FORMAT = "dwarf-with-dsym";
				ENABLE_NS_ASSERTIONS = NO;
				ENABLE_STRICT_OBJC_MSGSEND = YES;
				ENABLE_USER_SCRIPT_SANDBOXING = YES;
				GCC_C_LANGUAGE_STANDARD = gnu17;
				GCC_NO_COMMON_BLOCKS = YES;
				GCC_WARN_64_TO_32_BIT_CONVERSION = YES;
				GCC_WARN_ABOUT_RETURN_TYPE = YES_ERROR;
				GCC_WARN_UNDECLARED_SELECTOR = YES;
				GCC_WARN_UNINITIALIZED_AUTOS = YES_AGGRESSIVE;
				GCC_WARN_UNUSED_FUNCTION = YES;
				GCC_WARN_UNUSED_VARIABLE = YES;
				IPHONEOS_DEPLOYMENT_TARGET = 18.2;
				LOCALIZATION_PREFERS_STRING_CATALOGS = YES;
				MTL_ENABLE_DEBUG_INFO = NO;
				MTL_FAST_MATH = YES;
				SDKROOT = iphoneos;
				SWIFT_COMPILATION_MODE = wholemodule;
				VALIDATE_PRODUCT = YES;
			};
			name = Release;
		};
		5A6210672D82009A00444FD3 /* Debug */ = {
			isa = XCBuildConfiguration;
			buildSettings = {
				ASSETCATALOG_COMPILER_APPICON_NAME = AppIcon;
				ASSETCATALOG_COMPILER_GLOBAL_ACCENT_COLOR_NAME = AccentColor;
				CODE_SIGN_STYLE = Automatic;
				CURRENT_PROJECT_VERSION = 1;
				DEVELOPMENT_ASSET_PATHS = "\"SwiftUIRepository/Preview Content\"";
				ENABLE_PREVIEWS = YES;
				GENERATE_INFOPLIST_FILE = YES;
				INFOPLIST_KEY_UIApplicationSceneManifest_Generation = YES;
				INFOPLIST_KEY_UIApplicationSupportsIndirectInputEvents = YES;
				INFOPLIST_KEY_UILaunchScreen_Generation = YES;
				INFOPLIST_KEY_UISupportedInterfaceOrientations_iPad = "UIInterfaceOrientationPortrait UIInterfaceOrientationPortraitUpsideDown UIInterfaceOrientationLandscapeLeft UIInterfaceOrientationLandscapeRight";
				INFOPLIST_KEY_UISupportedInterfaceOrientations_iPhone = "UIInterfaceOrientationPortrait UIInterfaceOrientationLandscapeLeft UIInterfaceOrientationLandscapeRight";
				LD_RUNPATH_SEARCH_PATHS = (
					"$(inherited)",
					"@executable_path/Frameworks",
				);
				MARKETING_VERSION = 1.0;
				PRODUCT_BUNDLE_IDENTIFIER = com.ba.SwiftUIRepository;
				PRODUCT_NAME = "$(TARGET_NAME)";
				SWIFT_EMIT_LOC_STRINGS = YES;
				SWIFT_VERSION = 5.0;
				TARGETED_DEVICE_FAMILY = "1,2";
			};
			name = Debug;
		};
		5A6210682D82009A00444FD3 /* Release */ = {
			isa = XCBuildConfiguration;
			buildSettings = {
				ASSETCATALOG_COMPILER_APPICON_NAME = AppIcon;
				ASSETCATALOG_COMPILER_GLOBAL_ACCENT_COLOR_NAME = AccentColor;
				CODE_SIGN_STYLE = Automatic;
				CURRENT_PROJECT_VERSION = 1;
				DEVELOPMENT_ASSET_PATHS = "\"SwiftUIRepository/Preview Content\"";
				ENABLE_PREVIEWS = YES;
				GENERATE_INFOPLIST_FILE = YES;
				INFOPLIST_KEY_UIApplicationSceneManifest_Generation = YES;
				INFOPLIST_KEY_UIApplicationSupportsIndirectInputEvents = YES;
				INFOPLIST_KEY_UILaunchScreen_Generation = YES;
				INFOPLIST_KEY_UISupportedInterfaceOrientations_iPad = "UIInterfaceOrientationPortrait UIInterfaceOrientationPortraitUpsideDown UIInterfaceOrientationLandscapeLeft UIInterfaceOrientationLandscapeRight";
				INFOPLIST_KEY_UISupportedInterfaceOrientations_iPhone = "UIInterfaceOrientationPortrait UIInterfaceOrientationLandscapeLeft UIInterfaceOrientationLandscapeRight";
				LD_RUNPATH_SEARCH_PATHS = (
					"$(inherited)",
					"@executable_path/Frameworks",
				);
				MARKETING_VERSION = 1.0;
				PRODUCT_BUNDLE_IDENTIFIER = com.ba.SwiftUIRepository;
				PRODUCT_NAME = "$(TARGET_NAME)";
				SWIFT_EMIT_LOC_STRINGS = YES;
				SWIFT_VERSION = 5.0;
				TARGETED_DEVICE_FAMILY = "1,2";
			};
			name = Release;
		};
		5A62106A2D82009A00444FD3 /* Debug */ = {
			isa = XCBuildConfiguration;
			buildSettings = {
				BUNDLE_LOADER = "$(TEST_HOST)";
				CODE_SIGN_STYLE = Automatic;
				CURRENT_PROJECT_VERSION = 1;
				GENERATE_INFOPLIST_FILE = YES;
				IPHONEOS_DEPLOYMENT_TARGET = 18.2;
				MARKETING_VERSION = 1.0;
				PRODUCT_BUNDLE_IDENTIFIER = com.ba.SwiftUIRepositoryTests;
				PRODUCT_NAME = "$(TARGET_NAME)";
				SWIFT_EMIT_LOC_STRINGS = NO;
				SWIFT_VERSION = 5.0;
				TARGETED_DEVICE_FAMILY = "1,2";
				TEST_HOST = "$(BUILT_PRODUCTS_DIR)/SwiftUIRepository.app/$(BUNDLE_EXECUTABLE_FOLDER_PATH)/SwiftUIRepository";
			};
			name = Debug;
		};
		5A62106B2D82009A00444FD3 /* Release */ = {
			isa = XCBuildConfiguration;
			buildSettings = {
				BUNDLE_LOADER = "$(TEST_HOST)";
				CODE_SIGN_STYLE = Automatic;
				CURRENT_PROJECT_VERSION = 1;
				GENERATE_INFOPLIST_FILE = YES;
				IPHONEOS_DEPLOYMENT_TARGET = 18.2;
				MARKETING_VERSION = 1.0;
				PRODUCT_BUNDLE_IDENTIFIER = com.ba.SwiftUIRepositoryTests;
				PRODUCT_NAME = "$(TARGET_NAME)";
				SWIFT_EMIT_LOC_STRINGS = NO;
				SWIFT_VERSION = 5.0;
				TARGETED_DEVICE_FAMILY = "1,2";
				TEST_HOST = "$(BUILT_PRODUCTS_DIR)/SwiftUIRepository.app/$(BUNDLE_EXECUTABLE_FOLDER_PATH)/SwiftUIRepository";
			};
			name = Release;
		};
		5A62106D2D82009A00444FD3 /* Debug */ = {
			isa = XCBuildConfiguration;
			buildSettings = {
				CODE_SIGN_STYLE = Automatic;
				CURRENT_PROJECT_VERSION = 1;
				GENERATE_INFOPLIST_FILE = YES;
				MARKETING_VERSION = 1.0;
				PRODUCT_BUNDLE_IDENTIFIER = com.ba.SwiftUIRepositoryUITests;
				PRODUCT_NAME = "$(TARGET_NAME)";
				SWIFT_EMIT_LOC_STRINGS = NO;
				SWIFT_VERSION = 5.0;
				TARGETED_DEVICE_FAMILY = "1,2";
				TEST_TARGET_NAME = SwiftUIRepository;
			};
			name = Debug;
		};
		5A62106E2D82009A00444FD3 /* Release */ = {
			isa = XCBuildConfiguration;
			buildSettings = {
				CODE_SIGN_STYLE = Automatic;
				CURRENT_PROJECT_VERSION = 1;
				GENERATE_INFOPLIST_FILE = YES;
				MARKETING_VERSION = 1.0;
				PRODUCT_BUNDLE_IDENTIFIER = com.ba.SwiftUIRepositoryUITests;
				PRODUCT_NAME = "$(TARGET_NAME)";
				SWIFT_EMIT_LOC_STRINGS = NO;
				SWIFT_VERSION = 5.0;
				TARGETED_DEVICE_FAMILY = "1,2";
				TEST_TARGET_NAME = SwiftUIRepository;
			};
			name = Release;
		};
/* End XCBuildConfiguration section */

/* Begin XCConfigurationList section */
		5A62103D2D82009800444FD3 /* Build configuration list for PBXProject "SwiftUIRepository" */ = {
			isa = XCConfigurationList;
			buildConfigurations = (
				5A6210642D82009A00444FD3 /* Debug */,
				5A6210652D82009A00444FD3 /* Release */,
			);
			defaultConfigurationIsVisible = 0;
			defaultConfigurationName = Release;
		};
		5A6210662D82009A00444FD3 /* Build configuration list for PBXNativeTarget "SwiftUIRepository" */ = {
			isa = XCConfigurationList;
			buildConfigurations = (
				5A6210672D82009A00444FD3 /* Debug */,
				5A6210682D82009A00444FD3 /* Release */,
			);
			defaultConfigurationIsVisible = 0;
			defaultConfigurationName = Release;
		};
		5A6210692D82009A00444FD3 /* Build configuration list for PBXNativeTarget "SwiftUIRepositoryTests" */ = {
			isa = XCConfigurationList;
			buildConfigurations = (
				5A62106A2D82009A00444FD3 /* Debug */,
				5A62106B2D82009A00444FD3 /* Release */,
			);
			defaultConfigurationIsVisible = 0;
			defaultConfigurationName = Release;
		};
		5A62106C2D82009A00444FD3 /* Build configuration list for PBXNativeTarget "SwiftUIRepositoryUITests" */ = {
			isa = XCConfigurationList;
			buildConfigurations = (
				5A62106D2D82009A00444FD3 /* Debug */,
				5A62106E2D82009A00444FD3 /* Release */,
			);
			defaultConfigurationIsVisible = 0;
			defaultConfigurationName = Release;
		};
/* End XCConfigurationList section */
	};
	rootObject = 5A62103A2D82009800444FD3 /* Project object */;
}
